// !$*UTF8*$!
{
	archiveVersion = 1;
	classes = {
	};
	objectVersion = 55;
	objects = {

/* Begin PBXBuildFile section */
		8972DDCD281E143200E14469 /* ChangeMyIconApp.swift in Sources */ = {isa = PBXBuildFile; fileRef = 8972DDCC281E143200E14469 /* ChangeMyIconApp.swift */; };
		8972DDCF281E143200E14469 /* ContentView.swift in Sources */ = {isa = PBXBuildFile; fileRef = 8972DDCE281E143200E14469 /* ContentView.swift */; };
		8972DDD1281E143200E14469 /* Assets.xcassets in Resources */ = {isa = PBXBuildFile; fileRef = 8972DDD0281E143200E14469 /* Assets.xcassets */; };
		8972DDD4281E143200E14469 /* Preview Assets.xcassets in Resources */ = {isa = PBXBuildFile; fileRef = 8972DDD3281E143200E14469 /* Preview Assets.xcassets */; };
		8972DDEE281F4EF900E14469 /* Icon1@3x.png in Resources */ = {isa = PBXBuildFile; fileRef = 8972DDE8281F4EF900E14469 /* Icon1@3x.png */; };
		8972DDEF281F4EF900E14469 /* Icon1.png in Resources */ = {isa = PBXBuildFile; fileRef = 8972DDE9281F4EF900E14469 /* Icon1.png */; };
		8972DDF0281F4EF900E14469 /* Icon2@3x.png in Resources */ = {isa = PBXBuildFile; fileRef = 8972DDEA281F4EF900E14469 /* Icon2@3x.png */; };
		8972DDF1281F4EF900E14469 /* Icon2@2x.png in Resources */ = {isa = PBXBuildFile; fileRef = 8972DDEB281F4EF900E14469 /* Icon2@2x.png */; };
		8972DDF2281F4EF900E14469 /* Icon2.png in Resources */ = {isa = PBXBuildFile; fileRef = 8972DDEC281F4EF900E14469 /* Icon2.png */; };
		8972DDF3281F4EF900E14469 /* Icon1@2x.png in Resources */ = {isa = PBXBuildFile; fileRef = 8972DDED281F4EF900E14469 /* Icon1@2x.png */; };
/* End PBXBuildFile section */

/* Begin PBXFileReference section */
		8972DDC9281E143200E14469 /* ChangeMyIcon.app */ = {isa = PBXFileReference; explicitFileType = wrapper.application; includeInIndex = 0; path = ChangeMyIcon.app; sourceTree = BUILT_PRODUCTS_DIR; };
		8972DDCC281E143200E14469 /* ChangeMyIconApp.swift */ = {isa = PBXFileReference; lastKnownFileType = sourcecode.swift; path = ChangeMyIconApp.swift; sourceTree = "<group>"; };
		8972DDCE281E143200E14469 /* ContentView.swift */ = {isa = PBXFileReference; lastKnownFileType = sourcecode.swift; path = ContentView.swift; sourceTree = "<group>"; };
		8972DDD0281E143200E14469 /* Assets.xcassets */ = {isa = PBXFileReference; lastKnownFileType = folder.assetcatalog; path = Assets.xcassets; sourceTree = "<group>"; };
		8972DDD3281E143200E14469 /* Preview Assets.xcassets */ = {isa = PBXFileReference; lastKnownFileType = folder.assetcatalog; path = "Preview Assets.xcassets"; sourceTree = "<group>"; };
		8972DDE7281E19BA00E14469 /* Info.plist */ = {isa = PBXFileReference; lastKnownFileType = text.plist; path = Info.plist; sourceTree = "<group>"; };
		8972DDE8281F4EF900E14469 /* Icon1@3x.png */ = {isa = PBXFileReference; lastKnownFileType = image.png; path = "Icon1@3x.png"; sourceTree = "<group>"; };
		8972DDE9281F4EF900E14469 /* Icon1.png */ = {isa = PBXFileReference; lastKnownFileType = image.png; path = Icon1.png; sourceTree = "<group>"; };
		8972DDEA281F4EF900E14469 /* Icon2@3x.png */ = {isa = PBXFileReference; lastKnownFileType = image.png; path = "Icon2@3x.png"; sourceTree = "<group>"; };
		8972DDEB281F4EF900E14469 /* Icon2@2x.png */ = {isa = PBXFileReference; lastKnownFileType = image.png; path = "Icon2@2x.png"; sourceTree = "<group>"; };
		8972DDEC281F4EF900E14469 /* Icon2.png */ = {isa = PBXFileReference; lastKnownFileType = image.png; path = Icon2.png; sourceTree = "<group>"; };
		8972DDED281F4EF900E14469 /* Icon1@2x.png */ = {isa = PBXFileReference; lastKnownFileType = image.png; path = "Icon1@2x.png"; sourceTree = "<group>"; };
/* End PBXFileReference section */

/* Begin PBXFrameworksBuildPhase section */
		8972DDC6281E143200E14469 /* Frameworks */ = {
			isa = PBXFrameworksBuildPhase;
			buildActionMask = 2147483647;
			files = (
			);
			runOnlyForDeploymentPostprocessing = 0;
		};
/* End PBXFrameworksBuildPhase section */

/* Begin PBXGroup section */
		8972DDC0281E143200E14469 = {
			isa = PBXGroup;
			children = (
				8972DDCB281E143200E14469 /* ChangeMyIcon */,
				8972DDCA281E143200E14469 /* Products */,
			);
			sourceTree = "<group>";
		};
		8972DDCA281E143200E14469 /* Products */ = {
			isa = PBXGroup;
			children = (
				8972DDC9281E143200E14469 /* ChangeMyIcon.app */,
			);
			name = Products;
			sourceTree = "<group>";
		};
		8972DDCB281E143200E14469 /* ChangeMyIcon */ = {
			isa = PBXGroup;
			children = (
				8972DDE7281E19BA00E14469 /* Info.plist */,
				8972DDDA281E175D00E14469 /* Icons */,
				8972DDCC281E143200E14469 /* ChangeMyIconApp.swift */,
				8972DDCE281E143200E14469 /* ContentView.swift */,
				8972DDD0281E143200E14469 /* Assets.xcassets */,
				8972DDD2281E143200E14469 /* Preview Content */,
			);
			path = ChangeMyIcon;
			sourceTree = "<group>";
		};
		8972DDD2281E143200E14469 /* Preview Content */ = {
			isa = PBXGroup;
			children = (
				8972DDD3281E143200E14469 /* Preview Assets.xcassets */,
			);
			path = "Preview Content";
			sourceTree = "<group>";
		};
		8972DDDA281E175D00E14469 /* Icons */ = {
			isa = PBXGroup;
			children = (
				8972DDE9281F4EF900E14469 /* Icon1.png */,
				8972DDED281F4EF900E14469 /* Icon1@2x.png */,
				8972DDE8281F4EF900E14469 /* Icon1@3x.png */,
				8972DDEC281F4EF900E14469 /* Icon2.png */,
				8972DDEB281F4EF900E14469 /* Icon2@2x.png */,
				8972DDEA281F4EF900E14469 /* Icon2@3x.png */,
			);
			path = Icons;
			sourceTree = "<group>";
		};
/* End PBXGroup section */

/* Begin PBXNativeTarget section */
		8972DDC8281E143200E14469 /* ChangeMyIcon */ = {
			isa = PBXNativeTarget;
			buildConfigurationList = 8972DDD7281E143200E14469 /* Build configuration list for PBXNativeTarget "ChangeMyIcon" */;
			buildPhases = (
				8972DDC5281E143200E14469 /* Sources */,
				8972DDC6281E143200E14469 /* Frameworks */,
				8972DDC7281E143200E14469 /* Resources */,
			);
			buildRules = (
			);
			dependencies = (
			);
			name = ChangeMyIcon;
			productName = ChangeMyIcon;
			productReference = 8972DDC9281E143200E14469 /* ChangeMyIcon.app */;
			productType = "com.apple.product-type.application";
		};
/* End PBXNativeTarget section */

/* Begin PBXProject section */
		8972DDC1281E143200E14469 /* Project object */ = {
			isa = PBXProject;
			attributes = {
				BuildIndependentTargetsInParallel = 1;
				LastSwiftUpdateCheck = 1330;
				LastUpgradeCheck = 1330;
				TargetAttributes = {
					8972DDC8281E143200E14469 = {
						CreatedOnToolsVersion = 13.3.1;
					};
				};
			};
			buildConfigurationList = 8972DDC4281E143200E14469 /* Build configuration list for PBXProject "ChangeMyIcon" */;
			compatibilityVersion = "Xcode 13.0";
			developmentRegion = en;
			hasScannedForEncodings = 0;
			knownRegions = (
				en,
				Base,
			);
			mainGroup = 8972DDC0281E143200E14469;
			productRefGroup = 8972DDCA281E143200E14469 /* Products */;
			projectDirPath = "";
			projectRoot = "";
			targets = (
				8972DDC8281E143200E14469 /* ChangeMyIcon */,
			);
		};
/* End PBXProject section */

/* Begin PBXResourcesBuildPhase section */
		8972DDC7281E143200E14469 /* Resources */ = {
			isa = PBXResourcesBuildPhase;
			buildActionMask = 2147483647;
			files = (
				8972DDF1281F4EF900E14469 /* Icon2@2x.png in Resources */,
				8972DDF2281F4EF900E14469 /* Icon2.png in Resources */,
				8972DDEE281F4EF900E14469 /* Icon1@3x.png in Resources */,
				8972DDF3281F4EF900E14469 /* Icon1@2x.png in Resources */,
				8972DDD4281E143200E14469 /* Preview Assets.xcassets in Resources */,
				8972DDF0281F4EF900E14469 /* Icon2@3x.png in Resources */,
				8972DDEF281F4EF900E14469 /* Icon1.png in Resources */,
				8972DDD1281E143200E14469 /* Assets.xcassets in Resources */,
			);
			runOnlyForDeploymentPostprocessing = 0;
		};
/* End PBXResourcesBuildPhase section */

/* Begin PBXSourcesBuildPhase section */
		8972DDC5281E143200E14469 /* Sources */ = {
			isa = PBXSourcesBuildPhase;
			buildActionMask = 2147483647;
			files = (
				8972DDCF281E143200E14469 /* ContentView.swift in Sources */,
				8972DDCD281E143200E14469 /* ChangeMyIconApp.swift in Sources */,
			);
			runOnlyForDeploymentPostprocessing = 0;
		};
/* End PBXSourcesBuildPhase section */

/* Begin XCBuildConfiguration section */
		8972DDD5281E143200E14469 /* Debug */ = {
			isa = XCBuildConfiguration;
			buildSettings = {
				ALWAYS_SEARCH_USER_PATHS = NO;
				CLANG_ANALYZER_NONNULL = YES;
				CLANG_ANALYZER_NUMBER_OBJECT_CONVERSION = YES_AGGRESSIVE;
				CLANG_CXX_LANGUAGE_STANDARD = "gnu++17";
				CLANG_ENABLE_MODULES = YES;
				CLANG_ENABLE_OBJC_ARC = YES;
				CLANG_ENABLE_OBJC_WEAK = YES;
				CLANG_WARN_BLOCK_CAPTURE_AUTORELEASING = YES;
				CLANG_WARN_BOOL_CONVERSION = YES;
				CLANG_WARN_COMMA = YES;
				CLANG_WARN_CONSTANT_CONVERSION = YES;
				CLANG_WARN_DEPRECATED_OBJC_IMPLEMENTATIONS = YES;
				CLANG_WARN_DIRECT_OBJC_ISA_USAGE = YES_ERROR;
				CLANG_WARN_DOCUMENTATION_COMMENTS = YES;
				CLANG_WARN_EMPTY_BODY = YES;
				CLANG_WARN_ENUM_CONVERSION = YES;
				CLANG_WARN_INFINITE_RECURSION = YES;
				CLANG_WARN_INT_CONVERSION = YES;
				CLANG_WARN_NON_LITERAL_NULL_CONVERSION = YES;
				CLANG_WARN_OBJC_IMPLICIT_RETAIN_SELF = YES;
				CLANG_WARN_OBJC_LITERAL_CONVERSION = YES;
				CLANG_WARN_OBJC_ROOT_CLASS = YES_ERROR;
				CLANG_WARN_QUOTED_INCLUDE_IN_FRAMEWORK_HEADER = YES;
				CLANG_WARN_RANGE_LOOP_ANALYSIS = YES;
				CLANG_WARN_STRICT_PROTOTYPES = YES;
				CLANG_WARN_SUSPICIOUS_MOVE = YES;
				CLANG_WARN_UNGUARDED_AVAILABILITY = YES_AGGRESSIVE;
				CLANG_WARN_UNREACHABLE_CODE = YES;
				CLANG_WARN__DUPLICATE_METHOD_MATCH = YES;
				COPY_PHASE_STRIP = NO;
				DEBUG_INFORMATION_FORMAT = dwarf;
				ENABLE_STRICT_OBJC_MSGSEND = YES;
				ENABLE_TESTABILITY = YES;
				GCC_C_LANGUAGE_STANDARD = gnu11;
				GCC_DYNAMIC_NO_PIC = NO;
				GCC_NO_COMMON_BLOCKS = YES;
				GCC_OPTIMIZATION_LEVEL = 0;
				GCC_PREPROCESSOR_DEFINITIONS = (
					"DEBUG=1",
					"$(inherited)",
				);
				GCC_WARN_64_TO_32_BIT_CONVERSION = YES;
				GCC_WARN_ABOUT_RETURN_TYPE = YES_ERROR;
				GCC_WARN_UNDECLARED_SELECTOR = YES;
				GCC_WARN_UNINITIALIZED_AUTOS = YES_AGGRESSIVE;
				GCC_WARN_UNUSED_FUNCTION = YES;
				GCC_WARN_UNUSED_VARIABLE = YES;
				IPHONEOS_DEPLOYMENT_TARGET = 15.4;
				MTL_ENABLE_DEBUG_INFO = INCLUDE_SOURCE;
				MTL_FAST_MATH = YES;
				ONLY_ACTIVE_ARCH = YES;
				SDKROOT = iphoneos;
				SWIFT_ACTIVE_COMPILATION_CONDITIONS = DEBUG;
				SWIFT_OPTIMIZATION_LEVEL = "-Onone";
			};
			name = Debug;
		};
		8972DDD6281E143200E14469 /* Release */ = {
			isa = XCBuildConfiguration;
			buildSettings = {
				ALWAYS_SEARCH_USER_PATHS = NO;
				CLANG_ANALYZER_NONNULL = YES;
				CLANG_ANALYZER_NUMBER_OBJECT_CONVERSION = YES_AGGRESSIVE;
				CLANG_CXX_LANGUAGE_STANDARD = "gnu++17";
				CLANG_ENABLE_MODULES = YES;
				CLANG_ENABLE_OBJC_ARC = YES;
				CLANG_ENABLE_OBJC_WEAK = YES;
				CLANG_WARN_BLOCK_CAPTURE_AUTORELEASING = YES;
				CLANG_WARN_BOOL_CONVERSION = YES;
				CLANG_WARN_COMMA = YES;
				CLANG_WARN_CONSTANT_CONVERSION = YES;
				CLANG_WARN_DEPRECATED_OBJC_IMPLEMENTATIONS = YES;
				CLANG_WARN_DIRECT_OBJC_ISA_USAGE = YES_ERROR;
				CLANG_WARN_DOCUMENTATION_COMMENTS = YES;
				CLANG_WARN_EMPTY_BODY = YES;
				CLANG_WARN_ENUM_CONVERSION = YES;
				CLANG_WARN_INFINITE_RECURSION = YES;
				CLANG_WARN_INT_CONVERSION = YES;
				CLANG_WARN_NON_LITERAL_NULL_CONVERSION = YES;
				CLANG_WARN_OBJC_IMPLICIT_RETAIN_SELF = YES;
				CLANG_WARN_OBJC_LITERAL_CONVERSION = YES;
				CLANG_WARN_OBJC_ROOT_CLASS = YES_ERROR;
				CLANG_WARN_QUOTED_INCLUDE_IN_FRAMEWORK_HEADER = YES;
				CLANG_WARN_RANGE_LOOP_ANALYSIS = YES;
				CLANG_WARN_STRICT_PROTOTYPES = YES;
				CLANG_WARN_SUSPICIOUS_MOVE = YES;
				CLANG_WARN_UNGUARDED_AVAILABILITY = YES_AGGRESSIVE;
				CLANG_WARN_UNREACHABLE_CODE = YES;
				CLANG_WARN__DUPLICATE_METHOD_MATCH = YES;
				COPY_PHASE_STRIP = NO;
				DEBUG_INFORMATION_FORMAT = "dwarf-with-dsym";
				ENABLE_NS_ASSERTIONS = NO;
				ENABLE_STRICT_OBJC_MSGSEND = YES;
				GCC_C_LANGUAGE_STANDARD = gnu11;
				GCC_NO_COMMON_BLOCKS = YES;
				GCC_WARN_64_TO_32_BIT_CONVERSION = YES;
				GCC_WARN_ABOUT_RETURN_TYPE = YES_ERROR;
				GCC_WARN_UNDECLARED_SELECTOR = YES;
				GCC_WARN_UNINITIALIZED_AUTOS = YES_AGGRESSIVE;
				GCC_WARN_UNUSED_FUNCTION = YES;
				GCC_WARN_UNUSED_VARIABLE = YES;
				IPHONEOS_DEPLOYMENT_TARGET = 15.4;
				MTL_ENABLE_DEBUG_INFO = NO;
				MTL_FAST_MATH = YES;
				SDKROOT = iphoneos;
				SWIFT_COMPILATION_MODE = wholemodule;
				SWIFT_OPTIMIZATION_LEVEL = "-O";
				VALIDATE_PRODUCT = YES;
			};
			name = Release;
		};
		8972DDD8281E143200E14469 /* Debug */ = {
			isa = XCBuildConfiguration;
			buildSettings = {
				ASSETCATALOG_COMPILER_ALTERNATE_APPICON_NAMES = "";
				ASSETCATALOG_COMPILER_APPICON_NAME = AppIcon;
				ASSETCATALOG_COMPILER_GLOBAL_ACCENT_COLOR_NAME = AccentColor;
				ASSETCATALOG_COMPILER_INCLUDE_ALL_APPICON_ASSETS = NO;
				CODE_SIGN_STYLE = Automatic;
				CURRENT_PROJECT_VERSION = 1;
				DEVELOPMENT_ASSET_PATHS = "\"ChangeMyIcon/Preview Content\"";
				DEVELOPMENT_TEAM = W3P7JX2LYJ;
				ENABLE_PREVIEWS = YES;
				GENERATE_INFOPLIST_FILE = YES;
				INFOPLIST_FILE = ChangeMyIcon/Info.plist;
				INFOPLIST_KEY_UIApplicationSceneManifest_Generation = YES;
				INFOPLIST_KEY_UIApplicationSupportsIndirectInputEvents = YES;
				INFOPLIST_KEY_UILaunchScreen_Generation = YES;
				INFOPLIST_KEY_UISupportedInterfaceOrientations_iPad = "UIInterfaceOrientationPortrait UIInterfaceOrientationPortraitUpsideDown UIInterfaceOrientationLandscapeLeft UIInterfaceOrientationLandscapeRight";
				INFOPLIST_KEY_UISupportedInterfaceOrientations_iPhone = UIInterfaceOrientationPortrait;
				LD_RUNPATH_SEARCH_PATHS = (
					"$(inherited)",
					"@executable_path/Frameworks",
				);
				MARKETING_VERSION = 1.0;
				PRODUCT_BUNDLE_IDENTIFIER = com.lunarmongoose.ChangeMyIcon;
				PRODUCT_NAME = "$(TARGET_NAME)";
				SWIFT_EMIT_LOC_STRINGS = YES;
				SWIFT_VERSION = 5.0;
				TARGETED_DEVICE_FAMILY = "1,2";
			};
			name = Debug;
		};
		8972DDD9281E143200E14469 /* Release */ = {
			isa = XCBuildConfiguration;
			buildSettings = {
				ASSETCATALOG_COMPILER_ALTERNATE_APPICON_NAMES = "";
				ASSETCATALOG_COMPILER_APPICON_NAME = AppIcon;
				ASSETCATALOG_COMPILER_GLOBAL_ACCENT_COLOR_NAME = AccentColor;
				ASSETCATALOG_COMPILER_INCLUDE_ALL_APPICON_ASSETS = NO;
				CODE_SIGN_STYLE = Automatic;
				CURRENT_PROJECT_VERSION = 1;
				DEVELOPMENT_ASSET_PATHS = "\"ChangeMyIcon/Preview Content\"";
				DEVELOPMENT_TEAM = W3P7JX2LYJ;
				ENABLE_PREVIEWS = YES;
				GENERATE_INFOPLIST_FILE = YES;
				INFOPLIST_FILE = ChangeMyIcon/Info.plist;
				INFOPLIST_KEY_UIApplicationSceneManifest_Generation = YES;
				INFOPLIST_KEY_UIApplicationSupportsIndirectInputEvents = YES;
				INFOPLIST_KEY_UILaunchScreen_Generation = YES;
				INFOPLIST_KEY_UISupportedInterfaceOrientations_iPad = "UIInterfaceOrientationPortrait UIInterfaceOrientationPortraitUpsideDown UIInterfaceOrientationLandscapeLeft UIInterfaceOrientationLandscapeRight";
				INFOPLIST_KEY_UISupportedInterfaceOrientations_iPhone = UIInterfaceOrientationPortrait;
				LD_RUNPATH_SEARCH_PATHS = (
					"$(inherited)",
					"@executable_path/Frameworks",
				);
				MARKETING_VERSION = 1.0;
				PRODUCT_BUNDLE_IDENTIFIER = com.lunarmongoose.ChangeMyIcon;
				PRODUCT_NAME = "$(TARGET_NAME)";
				SWIFT_EMIT_LOC_STRINGS = YES;
				SWIFT_VERSION = 5.0;
				TARGETED_DEVICE_FAMILY = "1,2";
			};
			name = Release;
		};
/* End XCBuildConfiguration section */

/* Begin XCConfigurationList section */
		8972DDC4281E143200E14469 /* Build configuration list for PBXProject "ChangeMyIcon" */ = {
			isa = XCConfigurationList;
			buildConfigurations = (
				8972DDD5281E143200E14469 /* Debug */,
				8972DDD6281E143200E14469 /* Release */,
			);
			defaultConfigurationIsVisible = 0;
			defaultConfigurationName = Release;
		};
		8972DDD7281E143200E14469 /* Build configuration list for PBXNativeTarget "ChangeMyIcon" */ = {
			isa = XCConfigurationList;
			buildConfigurations = (
				8972DDD8281E143200E14469 /* Debug */,
				8972DDD9281E143200E14469 /* Release */,
			);
			defaultConfigurationIsVisible = 0;
			defaultConfigurationName = Release;
		};
/* End XCConfigurationList section */
	};
	rootObject = 8972DDC1281E143200E14469 /* Project object */;
}
